
Microsoft Visual Studio Solution File, Format Version 12.00
# Visual Studio Version 17
VisualStudioVersion = 17.5.002.0
MinimumVisualStudioVersion = 10.0.40219.1
Project("{9A19103F-16F7-4668-BE54-9A1E7A4F7556}") = "2023", "2023.csproj", "{5E525C5E-758F-4C3E-A70F-50395CF46478}"
EndProject
Global
	GlobalSection(SolutionConfigurationPlatforms) = preSolution
		Debug|Any CPU = Debug|Any CPU
		Release|Any CPU = Release|Any CPU
	EndGlobalSection
	GlobalSection(ProjectConfigurationPlatforms) = postSolution
		{5E525C5E-758F-4C3E-A70F-50395CF46478}.Debug|Any CPU.ActiveCfg = Debug|Any CPU
		{5E525C5E-758F-4C3E-A70F-50395CF46478}.Debug|Any CPU.Build.0 = Debug|Any CPU
		{5E525C5E-758F-4C3E-A70F-50395CF46478}.Release|Any CPU.ActiveCfg = Release|Any CPU
		{5E525C5E-758F-4C3E-A70F-50395CF46478}.Release|Any CPU.Build.0 = Release|Any CPU
	EndGlobalSection
	GlobalSection(SolutionProperties) = preSolution
		HideSolutionNode = FALSE
	EndGlobalSection
	GlobalSection(ExtensibilityGlobals) = postSolution
		SolutionGuid = {6EA29DC4-590F-4111-8C9E-884D1BA9B5A8}
	EndGlobalSection
EndGlobal
